
Microsoft Visual Studio Solution File, Format Version 12.00
# Visual Studio Version 16
VisualStudioVersion = 16.0.30711.63
MinimumVisualStudioVersion = 10.0.40219.1
Project("{FAE04EC0-301F-11D3-BF4B-00C04F79EFBC}") = "Ticketing.Client", "Ticketing.Client\Ticketing.Client.csproj", "{32C2B23C-EAC7-4D74-80AD-D4C728A19F25}"
EndProject
Global
	GlobalSection(SolutionConfigurationPlatforms) = preSolution
		Debug|Any CPU = Debug|Any CPU
		Release|Any CPU = Release|Any CPU
	EndGlobalSection
	GlobalSection(ProjectConfigurationPlatforms) = postSolution
		{32C2B23C-EAC7-4D74-80AD-D4C728A19F25}.Debug|Any CPU.ActiveCfg = Debug|Any CPU
		{32C2B23C-EAC7-4D74-80AD-D4C728A19F25}.Debug|Any CPU.Build.0 = Debug|Any CPU
		{32C2B23C-EAC7-4D74-80AD-D4C728A19F25}.Release|Any CPU.ActiveCfg = Release|Any CPU
		{32C2B23C-EAC7-4D74-80AD-D4C728A19F25}.Release|Any CPU.Build.0 = Release|Any CPU
	EndGlobalSection
	GlobalSection(SolutionProperties) = preSolution
		HideSolutionNode = FALSE
	EndGlobalSection
	GlobalSection(ExtensibilityGlobals) = postSolution
		SolutionGuid = {95989685-2E32-4AF2-B28B-B0BB0C1B1BB8}
	EndGlobalSection
EndGlobal
